
Microsoft Visual Studio Solution File, Format Version 12.00
# Visual Studio Version 17
VisualStudioVersion = 17.14.36301.6
MinimumVisualStudioVersion = 10.0.40219.1
Project("{FAE04EC0-301F-11D3-BF4B-00C04F79EFBC}") = "matrix_project", "matrix_project\matrix_project.csproj", "{0601EEB2-015F-423B-BA1E-F9D8CAE1654D}"
EndProject
Project("{FAE04EC0-301F-11D3-BF4B-00C04F79EFBC}") = "Tests", "Tests\Tests.csproj", "{B8E021C5-064A-4F19-BB37-9D00B2B7DF06}"
EndProject
Global
	GlobalSection(SolutionConfigurationPlatforms) = preSolution
		Debug|Any CPU = Debug|Any CPU
		Release|Any CPU = Release|Any CPU
	EndGlobalSection
	GlobalSection(ProjectConfigurationPlatforms) = postSolution
		{0601EEB2-015F-423B-BA1E-F9D8CAE1654D}.Debug|Any CPU.ActiveCfg = Debug|Any CPU
		{0601EEB2-015F-423B-BA1E-F9D8CAE1654D}.Debug|Any CPU.Build.0 = Debug|Any CPU
		{0601EEB2-015F-423B-BA1E-F9D8CAE1654D}.Release|Any CPU.ActiveCfg = Release|Any CPU
		{0601EEB2-015F-423B-BA1E-F9D8CAE1654D}.Release|Any CPU.Build.0 = Release|Any CPU
		{B8E021C5-064A-4F19-BB37-9D00B2B7DF06}.Debug|Any CPU.ActiveCfg = Debug|Any CPU
		{B8E021C5-064A-4F19-BB37-9D00B2B7DF06}.Debug|Any CPU.Build.0 = Debug|Any CPU
		{B8E021C5-064A-4F19-BB37-9D00B2B7DF06}.Release|Any CPU.ActiveCfg = Release|Any CPU
		{B8E021C5-064A-4F19-BB37-9D00B2B7DF06}.Release|Any CPU.Build.0 = Release|Any CPU
	EndGlobalSection
	GlobalSection(SolutionProperties) = preSolution
		HideSolutionNode = FALSE
	EndGlobalSection
	GlobalSection(ExtensibilityGlobals) = postSolution
		SolutionGuid = {03521855-E6C9-49E2-8D8A-07B81ACBB8EC}
	EndGlobalSection
EndGlobal
